
Microsoft Visual Studio Solution File, Format Version 12.00
# Visual Studio Version 17
VisualStudioVersion = 17.10.35122.118
MinimumVisualStudioVersion = 10.0.40219.1
Project("{2150E333-8FDC-42A3-9474-1A3956D46DE8}") = "Adapters", "Adapters", "{ED1B7629-646F-4832-865C-4DD5905E09A7}"
EndProject
Project("{2150E333-8FDC-42A3-9474-1A3956D46DE8}") = "Core", "Core", "{4D17E6FE-99F3-42B8-8BD8-03E1FE93C6DE}"
EndProject
Project("{2150E333-8FDC-42A3-9474-1A3956D46DE8}") = "Testes", "Testes", "{8598574B-C6D0-420F-8A61-F580494617B6}"
EndProject
Project("{2150E333-8FDC-42A3-9474-1A3956D46DE8}") = "Driven", "Driven", "{E1147FFD-7433-4301-8022-B8889F20133C}"
EndProject
Project("{2150E333-8FDC-42A3-9474-1A3956D46DE8}") = "Driving", "Driving", "{2BD0585F-E2F1-4709-8FD4-8BE864F88F5A}"
EndProject
Project("{2150E333-8FDC-42A3-9474-1A3956D46DE8}") = "Storage", "Storage", "{F69776C9-974F-4D8E-AC8B-063D7B9A4D8E}"
EndProject
Project("{2150E333-8FDC-42A3-9474-1A3956D46DE8}") = "Domain", "Domain", "{97FFF5E6-5CF3-44BB-A9E1-2A2233EC2D0D}"
EndProject
Project("{2150E333-8FDC-42A3-9474-1A3956D46DE8}") = "Application", "Application", "{C52EF287-9871-408E-95AC-EE76886078E8}"
EndProject
Project("{9A19103F-16F7-4668-BE54-9A1E7A4F7556}") = "Parking.Core.Domain", "Core\Domain\Parking.Core.Domain\Parking.Core.Domain.csproj", "{D9A02F88-26F2-4347-91C9-5C9B1247CED4}"
EndProject
Project("{9A19103F-16F7-4668-BE54-9A1E7A4F7556}") = "Parking.Core.Application", "Core\Application\Parking.Core.Application\Parking.Core.Application.csproj", "{7429B255-95EC-48D5-9F63-54DDF420A915}"
EndProject
Project("{9A19103F-16F7-4668-BE54-9A1E7A4F7556}") = "Parking.Adapters.Driven.SQLServer", "Adapters\Driven\Storage\Parking.Adapters.Driven.SQLServer\Parking.Adapters.Driven.SQLServer.csproj", "{6465A85D-86B2-4997-8BC2-B6CE9A8AC5B3}"
EndProject
Project("{2150E333-8FDC-42A3-9474-1A3956D46DE8}") = "Api", "Api", "{7292687D-DCFD-488A-99B9-B5F1E0AF44C3}"
EndProject
Project("{9A19103F-16F7-4668-BE54-9A1E7A4F7556}") = "Parking.Adapters.Driving.Api", "Adapters\Driving\Api\Parking.Adapters.Driving.Api\Parking.Adapters.Driving.Api.csproj", "{5EC3CB84-B3F9-4231-A8F5-9F4410F7A720}"
EndProject
Project("{2150E333-8FDC-42A3-9474-1A3956D46DE8}") = "Core", "Core", "{B2A5DA52-4C76-4EAC-8C0B-CE5065D2C73D}"
EndProject
Project("{2150E333-8FDC-42A3-9474-1A3956D46DE8}") = "Application", "Application", "{39BF23F5-8AEF-4B33-82AD-A1C34D875379}"
EndProject
Project("{2150E333-8FDC-42A3-9474-1A3956D46DE8}") = "Adapters", "Adapters", "{17C2EAC7-0A1A-4BA0-9F60-7F992C975813}"
EndProject
Project("{2150E333-8FDC-42A3-9474-1A3956D46DE8}") = "Driving", "Driving", "{C6E1BE4E-DFBA-4B79-B41B-4AE2FAC8F6F5}"
EndProject
Project("{2150E333-8FDC-42A3-9474-1A3956D46DE8}") = "Api", "Api", "{F729EFF3-2BA6-45C4-BB8F-234E2B23F226}"
EndProject
Project("{9A19103F-16F7-4668-BE54-9A1E7A4F7556}") = "Parking.Adapters.Api.Test", "Tests\Adapters\Driving\Api\Parking.Adapters.Api.Test\Parking.Adapters.Api.Test.csproj", "{3E404B79-2529-4856-8942-9B1FF0E03A5F}"
EndProject
Project("{9A19103F-16F7-4668-BE54-9A1E7A4F7556}") = "Parking.Core.Application.Test", "Tests\Core\Application\Parking.Core.Application.Test\Parking.Core.Application.Test.csproj", "{3A88AF8C-33FD-4125-9332-D363B35E381A}"
EndProject
Project("{9A19103F-16F7-4668-BE54-9A1E7A4F7556}") = "Parking.Adapters.Driven.MongoDB", "Adapters\Driven\Storage\Parking.Adapters.Driven.MongoDB\Parking.Adapters.Driven.MongoDB.csproj", "{CF045921-5644-4374-91DF-D3C6508AA978}"
EndProject
Global
	GlobalSection(SolutionConfigurationPlatforms) = preSolution
		Debug|Any CPU = Debug|Any CPU
		Release|Any CPU = Release|Any CPU
	EndGlobalSection
	GlobalSection(ProjectConfigurationPlatforms) = postSolution
		{D9A02F88-26F2-4347-91C9-5C9B1247CED4}.Debug|Any CPU.ActiveCfg = Debug|Any CPU
		{D9A02F88-26F2-4347-91C9-5C9B1247CED4}.Debug|Any CPU.Build.0 = Debug|Any CPU
		{D9A02F88-26F2-4347-91C9-5C9B1247CED4}.Release|Any CPU.ActiveCfg = Release|Any CPU
		{D9A02F88-26F2-4347-91C9-5C9B1247CED4}.Release|Any CPU.Build.0 = Release|Any CPU
		{7429B255-95EC-48D5-9F63-54DDF420A915}.Debug|Any CPU.ActiveCfg = Debug|Any CPU
		{7429B255-95EC-48D5-9F63-54DDF420A915}.Debug|Any CPU.Build.0 = Debug|Any CPU
		{7429B255-95EC-48D5-9F63-54DDF420A915}.Release|Any CPU.ActiveCfg = Release|Any CPU
		{7429B255-95EC-48D5-9F63-54DDF420A915}.Release|Any CPU.Build.0 = Release|Any CPU
		{6465A85D-86B2-4997-8BC2-B6CE9A8AC5B3}.Debug|Any CPU.ActiveCfg = Debug|Any CPU
		{6465A85D-86B2-4997-8BC2-B6CE9A8AC5B3}.Debug|Any CPU.Build.0 = Debug|Any CPU
		{6465A85D-86B2-4997-8BC2-B6CE9A8AC5B3}.Release|Any CPU.ActiveCfg = Release|Any CPU
		{6465A85D-86B2-4997-8BC2-B6CE9A8AC5B3}.Release|Any CPU.Build.0 = Release|Any CPU
		{5EC3CB84-B3F9-4231-A8F5-9F4410F7A720}.Debug|Any CPU.ActiveCfg = Debug|Any CPU
		{5EC3CB84-B3F9-4231-A8F5-9F4410F7A720}.Debug|Any CPU.Build.0 = Debug|Any CPU
		{5EC3CB84-B3F9-4231-A8F5-9F4410F7A720}.Release|Any CPU.ActiveCfg = Release|Any CPU
		{5EC3CB84-B3F9-4231-A8F5-9F4410F7A720}.Release|Any CPU.Build.0 = Release|Any CPU
		{3E404B79-2529-4856-8942-9B1FF0E03A5F}.Debug|Any CPU.ActiveCfg = Debug|Any CPU
		{3E404B79-2529-4856-8942-9B1FF0E03A5F}.Debug|Any CPU.Build.0 = Debug|Any CPU
		{3E404B79-2529-4856-8942-9B1FF0E03A5F}.Release|Any CPU.ActiveCfg = Release|Any CPU
		{3E404B79-2529-4856-8942-9B1FF0E03A5F}.Release|Any CPU.Build.0 = Release|Any CPU
		{3A88AF8C-33FD-4125-9332-D363B35E381A}.Debug|Any CPU.ActiveCfg = Debug|Any CPU
		{3A88AF8C-33FD-4125-9332-D363B35E381A}.Debug|Any CPU.Build.0 = Debug|Any CPU
		{3A88AF8C-33FD-4125-9332-D363B35E381A}.Release|Any CPU.ActiveCfg = Release|Any CPU
		{3A88AF8C-33FD-4125-9332-D363B35E381A}.Release|Any CPU.Build.0 = Release|Any CPU
		{CF045921-5644-4374-91DF-D3C6508AA978}.Debug|Any CPU.ActiveCfg = Debug|Any CPU
		{CF045921-5644-4374-91DF-D3C6508AA978}.Debug|Any CPU.Build.0 = Debug|Any CPU
		{CF045921-5644-4374-91DF-D3C6508AA978}.Release|Any CPU.ActiveCfg = Release|Any CPU
		{CF045921-5644-4374-91DF-D3C6508AA978}.Release|Any CPU.Build.0 = Release|Any CPU
	EndGlobalSection
	GlobalSection(SolutionProperties) = preSolution
		HideSolutionNode = FALSE
	EndGlobalSection
	GlobalSection(NestedProjects) = preSolution
		{E1147FFD-7433-4301-8022-B8889F20133C} = {ED1B7629-646F-4832-865C-4DD5905E09A7}
		{2BD0585F-E2F1-4709-8FD4-8BE864F88F5A} = {ED1B7629-646F-4832-865C-4DD5905E09A7}
		{F69776C9-974F-4D8E-AC8B-063D7B9A4D8E} = {E1147FFD-7433-4301-8022-B8889F20133C}
		{97FFF5E6-5CF3-44BB-A9E1-2A2233EC2D0D} = {4D17E6FE-99F3-42B8-8BD8-03E1FE93C6DE}
		{C52EF287-9871-408E-95AC-EE76886078E8} = {4D17E6FE-99F3-42B8-8BD8-03E1FE93C6DE}
		{D9A02F88-26F2-4347-91C9-5C9B1247CED4} = {97FFF5E6-5CF3-44BB-A9E1-2A2233EC2D0D}
		{7429B255-95EC-48D5-9F63-54DDF420A915} = {C52EF287-9871-408E-95AC-EE76886078E8}
		{6465A85D-86B2-4997-8BC2-B6CE9A8AC5B3} = {F69776C9-974F-4D8E-AC8B-063D7B9A4D8E}
		{7292687D-DCFD-488A-99B9-B5F1E0AF44C3} = {2BD0585F-E2F1-4709-8FD4-8BE864F88F5A}
		{5EC3CB84-B3F9-4231-A8F5-9F4410F7A720} = {7292687D-DCFD-488A-99B9-B5F1E0AF44C3}
		{B2A5DA52-4C76-4EAC-8C0B-CE5065D2C73D} = {8598574B-C6D0-420F-8A61-F580494617B6}
		{39BF23F5-8AEF-4B33-82AD-A1C34D875379} = {B2A5DA52-4C76-4EAC-8C0B-CE5065D2C73D}
		{17C2EAC7-0A1A-4BA0-9F60-7F992C975813} = {8598574B-C6D0-420F-8A61-F580494617B6}
		{C6E1BE4E-DFBA-4B79-B41B-4AE2FAC8F6F5} = {17C2EAC7-0A1A-4BA0-9F60-7F992C975813}
		{F729EFF3-2BA6-45C4-BB8F-234E2B23F226} = {C6E1BE4E-DFBA-4B79-B41B-4AE2FAC8F6F5}
		{3E404B79-2529-4856-8942-9B1FF0E03A5F} = {F729EFF3-2BA6-45C4-BB8F-234E2B23F226}
		{3A88AF8C-33FD-4125-9332-D363B35E381A} = {39BF23F5-8AEF-4B33-82AD-A1C34D875379}
		{CF045921-5644-4374-91DF-D3C6508AA978} = {F69776C9-974F-4D8E-AC8B-063D7B9A4D8E}
	EndGlobalSection
	GlobalSection(ExtensibilityGlobals) = postSolution
		SolutionGuid = {C0785A9B-0C65-45B7-97EE-1A109183A4DF}
	EndGlobalSection
EndGlobal
